<?xml version="1.0" encoding="utf-8"?>
<Project ToolsVersion="4.0" xmlns="http://schemas.microsoft.com/developer/msbuild/2003">
  <ItemGroup>
    <Filter Include="Base">
      <UniqueIdentifier>{e6753dcd-f30d-4025-9e83-1c037e6723dd}</UniqueIdentifier>
    </Filter>
    <Filter Include="My">
      <UniqueIdentifier>{5aeecde8-f50b-4517-971e-cf70f830c0fa}</UniqueIdentifier>
    </Filter>
    <Filter Include="My\Scene">
      <UniqueIdentifier>{d7533638-0bb8-46b7-b651-103793212d30}</UniqueIdentifier>
    </Filter>
    <Filter Include="My\Scene\Title">
      <UniqueIdentifier>{26f0b010-28f7-47fb-94b0-35dc7c0276e6}</UniqueIdentifier>
    </Filter>
    <Filter Include="My\Scene\Battle">
      <UniqueIdentifier>{0b25de6b-50b9-46f8-b470-51c3e7ee5d3f}</UniqueIdentifier>
    </Filter>
    <Filter Include="My\Scene\Adventure">
      <UniqueIdentifier>{0a36c80e-ef55-47c3-be14-e7d1a67aed8a}</UniqueIdentifier>
    </Filter>
    <Filter Include="My\Scene\LoadScene">
      <UniqueIdentifier>{080836c2-f441-4829-ad03-6cee6f62e314}</UniqueIdentifier>
    </Filter>
    <Filter Include="My\Scene\Battle\Character">
      <UniqueIdentifier>{2da2f1b4-bf13-430f-96c7-bc3a0986bbf8}</UniqueIdentifier>
    </Filter>
    <Filter Include="My\Scene\Battle\HUD">
      <UniqueIdentifier>{824d1000-0c27-4cd3-8aa9-7a94e3ae20be}</UniqueIdentifier>
    </Filter>
    <Filter Include="My\Sound">
      <UniqueIdentifier>{949158eb-dd19-464e-b838-a44a1ddf8af3}</UniqueIdentifier>
    </Filter>
    <Filter Include="My\Menu">
      <UniqueIdentifier>{939d34b4-c250-44e7-9447-ca231333f7c0}</UniqueIdentifier>
    </Filter>
  </ItemGroup>
  <ItemGroup>
    <ClCompile Include="TitleScene.cpp">
      <Filter>My\Scene\Title</Filter>
    </ClCompile>
    <ClCompile Include="Scene.cpp">
      <Filter>My\Scene</Filter>
    </ClCompile>
    <ClCompile Include="SceneMgr.cpp">
      <Filter>My\Scene</Filter>
    </ClCompile>
    <ClCompile Include="BattleScene.cpp">
      <Filter>My\Scene\Battle</Filter>
    </ClCompile>
    <ClCompile Include="AdventureScene.cpp">
      <Filter>My\Scene\Adventure</Filter>
    </ClCompile>
    <ClCompile Include="Game.cpp">
      <Filter>Base</Filter>
    </ClCompile>
    <ClCompile Include="Main.cpp">
      <Filter>Base</Filter>
    </ClCompile>
    <ClCompile Include="LoadScene.cpp">
      <Filter>My\Scene\LoadScene</Filter>
    </ClCompile>
    <ClCompile Include="Actor.cpp">
      <Filter>Base</Filter>
    </ClCompile>
    <ClCompile Include="MsgWindow.cpp">
      <Filter>My\Scene\Adventure</Filter>
    </ClCompile>
    <ClCompile Include="StoryFlag.cpp">
      <Filter>My</Filter>
    </ClCompile>
    <ClCompile Include="Math.cpp">
      <Filter>Base</Filter>
    </ClCompile>
    <ClCompile Include="Component.cpp">
      <Filter>Base</Filter>
    </ClCompile>
    <ClCompile Include="SpriteComponent.cpp">
      <Filter>Base</Filter>
    </ClCompile>
    <ClCompile Include="BGSpriteComponent.cpp">
      <Filter>Base</Filter>
    </ClCompile>
    <ClCompile Include="BattleCharacter.cpp">
      <Filter>My\Scene\Battle\Character</Filter>
    </ClCompile>
    <ClCompile Include="Enemy.cpp">
      <Filter>My\Scene\Battle\Character</Filter>
    </ClCompile>
    <ClCompile Include="Player.cpp">
      <Filter>My\Scene\Battle\Character</Filter>
    </ClCompile>
    <ClCompile Include="BattleMenuSpriteComponent.cpp">
      <Filter>My\Scene\Battle\HUD</Filter>
    </ClCompile>
    <ClCompile Include="BattleMessageWindow.cpp">
      <Filter>My\Scene\Battle\HUD</Filter>
    </ClCompile>
    <ClCompile Include="BattleHP.cpp">
      <Filter>My\Scene\Battle\HUD</Filter>
    </ClCompile>
    <ClCompile Include="BGM.cpp">
      <Filter>My\Sound</Filter>
    </ClCompile>
    <ClCompile Include="SE.cpp">
      <Filter>My\Sound</Filter>
    </ClCompile>
    <ClCompile Include="SelectMenu.cpp">
      <Filter>My\Menu</Filter>
    </ClCompile>
  </ItemGroup>
  <ItemGroup>
    <ClInclude Include="TitleScene.h">
      <Filter>My\Scene\Title</Filter>
    </ClInclude>
    <ClInclude Include="Scene.h">
      <Filter>My\Scene</Filter>
    </ClInclude>
    <ClInclude Include="SceneMgr.h">
      <Filter>My\Scene</Filter>
    </ClInclude>
    <ClInclude Include="BattleScene.h">
      <Filter>My\Scene\Battle</Filter>
    </ClInclude>
    <ClInclude Include="AdventureScene.h">
      <Filter>My\Scene\Adventure</Filter>
    </ClInclude>
    <ClInclude Include="Game.h">
      <Filter>Base</Filter>
    </ClInclude>
    <ClInclude Include="LoadScene.h">
      <Filter>My\Scene\LoadScene</Filter>
    </ClInclude>
    <ClInclude Include="Actor.h">
      <Filter>Base</Filter>
    </ClInclude>
    <ClInclude Include="MsgWindow.h">
      <Filter>My\Scene\Adventure</Filter>
    </ClInclude>
    <ClInclude Include="StoryFlag.h">
      <Filter>My</Filter>
    </ClInclude>
    <ClInclude Include="FilePath.h">
      <Filter>My</Filter>
    </ClInclude>
    <ClInclude Include="Math.h">
      <Filter>Base</Filter>
    </ClInclude>
    <ClInclude Include="SpriteComponent.h">
      <Filter>Base</Filter>
    </ClInclude>
    <ClInclude Include="BGSpriteComponent.h">
      <Filter>Base</Filter>
    </ClInclude>
    <ClInclude Include="Component.h">
      <Filter>Base</Filter>
    </ClInclude>
    <ClInclude Include="BattleCharacter.h">
      <Filter>My\Scene\Battle\Character</Filter>
    </ClInclude>
    <ClInclude Include="Enemy.h">
      <Filter>My\Scene\Battle\Character</Filter>
    </ClInclude>
    <ClInclude Include="Player.h">
      <Filter>My\Scene\Battle\Character</Filter>
    </ClInclude>
    <ClInclude Include="BattleHP.h">
      <Filter>My\Scene\Battle\HUD</Filter>
    </ClInclude>
    <ClInclude Include="BattleMenuSpriteComponent.h">
      <Filter>My\Scene\Battle\HUD</Filter>
    </ClInclude>
    <ClInclude Include="BattleMessageWindow.h">
      <Filter>My\Scene\Battle\HUD</Filter>
    </ClInclude>
    <ClInclude Include="BGM.h">
      <Filter>My\Sound</Filter>
    </ClInclude>
    <ClInclude Include="SE.h">
      <Filter>My\Sound</Filter>
    </ClInclude>
    <ClInclude Include="SelectMenu.h">
      <Filter>My\Menu</Filter>
    </ClInclude>
  </ItemGroup>
</Project>